
Microsoft Visual Studio Solution File, Format Version 12.00
# Visual Studio Version 17
VisualStudioVersion = 17.11.35222.181
MinimumVisualStudioVersion = 10.0.40219.1
Project("{FAE04EC0-301F-11D3-BF4B-00C04F79EFBC}") = "IGME206_HW5_TheFarmstead_AshankRajendran", "IGME206_HW5_TheFarmstead_AshankRajendran\IGME206_HW5_TheFarmstead_AshankRajendran.csproj", "{8B29C01A-26CD-47A4-AE0A-A3BB8FD0E253}"
EndProject
Global
	GlobalSection(SolutionConfigurationPlatforms) = preSolution
		Debug|Any CPU = Debug|Any CPU
		Release|Any CPU = Release|Any CPU
	EndGlobalSection
	GlobalSection(ProjectConfigurationPlatforms) = postSolution
		{8B29C01A-26CD-47A4-AE0A-A3BB8FD0E253}.Debug|Any CPU.ActiveCfg = Debug|Any CPU
		{8B29C01A-26CD-47A4-AE0A-A3BB8FD0E253}.Debug|Any CPU.Build.0 = Debug|Any CPU
		{8B29C01A-26CD-47A4-AE0A-A3BB8FD0E253}.Release|Any CPU.ActiveCfg = Release|Any CPU
		{8B29C01A-26CD-47A4-AE0A-A3BB8FD0E253}.Release|Any CPU.Build.0 = Release|Any CPU
	EndGlobalSection
	GlobalSection(SolutionProperties) = preSolution
		HideSolutionNode = FALSE
	EndGlobalSection
	GlobalSection(ExtensibilityGlobals) = postSolution
		SolutionGuid = {6451819A-D457-4331-AAD2-0A54AC0CA6A9}
	EndGlobalSection
EndGlobal
