
Microsoft Visual Studio Solution File, Format Version 12.00
# Visual Studio Version 17
VisualStudioVersion = 17.11.35222.181
MinimumVisualStudioVersion = 10.0.40219.1
Project("{FAE04EC0-301F-11D3-BF4B-00C04F79EFBC}") = "PE_Magic8Ball_AshankRajendran", "PE_Magic8Ball_AshankRajendran\PE_Magic8Ball_AshankRajendran.csproj", "{B1C9F5EA-EC32-4D8E-A358-013148E6A902}"
EndProject
Global
	GlobalSection(SolutionConfigurationPlatforms) = preSolution
		Debug|Any CPU = Debug|Any CPU
		Release|Any CPU = Release|Any CPU
	EndGlobalSection
	GlobalSection(ProjectConfigurationPlatforms) = postSolution
		{B1C9F5EA-EC32-4D8E-A358-013148E6A902}.Debug|Any CPU.ActiveCfg = Debug|Any CPU
		{B1C9F5EA-EC32-4D8E-A358-013148E6A902}.Debug|Any CPU.Build.0 = Debug|Any CPU
		{B1C9F5EA-EC32-4D8E-A358-013148E6A902}.Release|Any CPU.ActiveCfg = Release|Any CPU
		{B1C9F5EA-EC32-4D8E-A358-013148E6A902}.Release|Any CPU.Build.0 = Release|Any CPU
	EndGlobalSection
	GlobalSection(SolutionProperties) = preSolution
		HideSolutionNode = FALSE
	EndGlobalSection
	GlobalSection(ExtensibilityGlobals) = postSolution
		SolutionGuid = {461C59D9-558B-40EA-95E4-27B9ED82808A}
	EndGlobalSection
EndGlobal
