
Microsoft Visual Studio Solution File, Format Version 12.00
# Visual Studio Version 17
VisualStudioVersion = 17.10.35027.167
MinimumVisualStudioVersion = 10.0.40219.1
Project("{FAE04EC0-301F-11D3-BF4B-00C04F79EFBC}") = "DebuggingTest", "DebuggingTest\DebuggingTest.csproj", "{BA067553-C77B-4DCE-BEE6-0CC85BF216BB}"
EndProject
Global
	GlobalSection(SolutionConfigurationPlatforms) = preSolution
		Debug|Any CPU = Debug|Any CPU
		Release|Any CPU = Release|Any CPU
	EndGlobalSection
	GlobalSection(ProjectConfigurationPlatforms) = postSolution
		{BA067553-C77B-4DCE-BEE6-0CC85BF216BB}.Debug|Any CPU.ActiveCfg = Debug|Any CPU
		{BA067553-C77B-4DCE-BEE6-0CC85BF216BB}.Debug|Any CPU.Build.0 = Debug|Any CPU
		{BA067553-C77B-4DCE-BEE6-0CC85BF216BB}.Release|Any CPU.ActiveCfg = Release|Any CPU
		{BA067553-C77B-4DCE-BEE6-0CC85BF216BB}.Release|Any CPU.Build.0 = Release|Any CPU
	EndGlobalSection
	GlobalSection(SolutionProperties) = preSolution
		HideSolutionNode = FALSE
	EndGlobalSection
	GlobalSection(ExtensibilityGlobals) = postSolution
		SolutionGuid = {2E5A8C4E-3A66-4756-B086-6BBA894D83C5}
	EndGlobalSection
EndGlobal
