
Microsoft Visual Studio Solution File, Format Version 12.00
# Visual Studio Version 17
VisualStudioVersion = 17.11.35222.181
MinimumVisualStudioVersion = 10.0.40219.1
Project("{FAE04EC0-301F-11D3-BF4B-00C04F79EFBC}") = "PE_IfsAndSwitches_AshankRajendran", "PE_IfsAndSwitches_AshankRajendran\PE_IfsAndSwitches_AshankRajendran.csproj", "{6C40B622-23F0-41D3-909D-0F727E90297B}"
EndProject
Global
	GlobalSection(SolutionConfigurationPlatforms) = preSolution
		Debug|Any CPU = Debug|Any CPU
		Release|Any CPU = Release|Any CPU
	EndGlobalSection
	GlobalSection(ProjectConfigurationPlatforms) = postSolution
		{6C40B622-23F0-41D3-909D-0F727E90297B}.Debug|Any CPU.ActiveCfg = Debug|Any CPU
		{6C40B622-23F0-41D3-909D-0F727E90297B}.Debug|Any CPU.Build.0 = Debug|Any CPU
		{6C40B622-23F0-41D3-909D-0F727E90297B}.Release|Any CPU.ActiveCfg = Release|Any CPU
		{6C40B622-23F0-41D3-909D-0F727E90297B}.Release|Any CPU.Build.0 = Release|Any CPU
	EndGlobalSection
	GlobalSection(SolutionProperties) = preSolution
		HideSolutionNode = FALSE
	EndGlobalSection
	GlobalSection(ExtensibilityGlobals) = postSolution
		SolutionGuid = {91F0CB8D-D111-4DA1-9EC1-CC4B79B533E9}
	EndGlobalSection
EndGlobal
