
Microsoft Visual Studio Solution File, Format Version 12.00
# Visual Studio Version 17
VisualStudioVersion = 17.11.35222.181
MinimumVisualStudioVersion = 10.0.40219.1
Project("{FAE04EC0-301F-11D3-BF4B-00C04F79EFBC}") = "PE_FileIOwithClasses_AshankRajendran", "PE_FileIOwithClasses_AshankRajendran\PE_FileIOwithClasses_AshankRajendran.csproj", "{BF784647-0D78-4ED5-B50D-DA2E91D9CEE1}"
EndProject
Global
	GlobalSection(SolutionConfigurationPlatforms) = preSolution
		Debug|Any CPU = Debug|Any CPU
		Release|Any CPU = Release|Any CPU
	EndGlobalSection
	GlobalSection(ProjectConfigurationPlatforms) = postSolution
		{BF784647-0D78-4ED5-B50D-DA2E91D9CEE1}.Debug|Any CPU.ActiveCfg = Debug|Any CPU
		{BF784647-0D78-4ED5-B50D-DA2E91D9CEE1}.Debug|Any CPU.Build.0 = Debug|Any CPU
		{BF784647-0D78-4ED5-B50D-DA2E91D9CEE1}.Release|Any CPU.ActiveCfg = Release|Any CPU
		{BF784647-0D78-4ED5-B50D-DA2E91D9CEE1}.Release|Any CPU.Build.0 = Release|Any CPU
	EndGlobalSection
	GlobalSection(SolutionProperties) = preSolution
		HideSolutionNode = FALSE
	EndGlobalSection
	GlobalSection(ExtensibilityGlobals) = postSolution
		SolutionGuid = {976A19D6-5F1A-42AA-A919-1394D3BBDA8C}
	EndGlobalSection
EndGlobal
