
Microsoft Visual Studio Solution File, Format Version 12.00
# Visual Studio Version 17
VisualStudioVersion = 17.10.35027.167
MinimumVisualStudioVersion = 10.0.40219.1
Project("{FAE04EC0-301F-11D3-BF4B-00C04F79EFBC}") = "Test", "Test\Test.csproj", "{57F7F3FA-667B-4183-BF6D-0D51384490AB}"
EndProject
Global
	GlobalSection(SolutionConfigurationPlatforms) = preSolution
		Debug|Any CPU = Debug|Any CPU
		Release|Any CPU = Release|Any CPU
	EndGlobalSection
	GlobalSection(ProjectConfigurationPlatforms) = postSolution
		{57F7F3FA-667B-4183-BF6D-0D51384490AB}.Debug|Any CPU.ActiveCfg = Debug|Any CPU
		{57F7F3FA-667B-4183-BF6D-0D51384490AB}.Debug|Any CPU.Build.0 = Debug|Any CPU
		{57F7F3FA-667B-4183-BF6D-0D51384490AB}.Release|Any CPU.ActiveCfg = Release|Any CPU
		{57F7F3FA-667B-4183-BF6D-0D51384490AB}.Release|Any CPU.Build.0 = Release|Any CPU
	EndGlobalSection
	GlobalSection(SolutionProperties) = preSolution
		HideSolutionNode = FALSE
	EndGlobalSection
	GlobalSection(ExtensibilityGlobals) = postSolution
		SolutionGuid = {C2932A5F-37A2-4B9D-91A4-51B612984E97}
	EndGlobalSection
EndGlobal
