
Microsoft Visual Studio Solution File, Format Version 12.00
# Visual Studio Version 17
VisualStudioVersion = 17.11.35222.181
MinimumVisualStudioVersion = 10.0.40219.1
Project("{FAE04EC0-301F-11D3-BF4B-00C04F79EFBC}") = "IGME206_HW2_StatsAnalysis_AshankRajendran", "IGME206_HW2_StatsAnalysis_AshankRajendran\IGME206_HW2_StatsAnalysis_AshankRajendran.csproj", "{32D5FBE7-212D-40F1-B124-3E729A7EC2F1}"
EndProject
Global
	GlobalSection(SolutionConfigurationPlatforms) = preSolution
		Debug|Any CPU = Debug|Any CPU
		Release|Any CPU = Release|Any CPU
	EndGlobalSection
	GlobalSection(ProjectConfigurationPlatforms) = postSolution
		{32D5FBE7-212D-40F1-B124-3E729A7EC2F1}.Debug|Any CPU.ActiveCfg = Debug|Any CPU
		{32D5FBE7-212D-40F1-B124-3E729A7EC2F1}.Debug|Any CPU.Build.0 = Debug|Any CPU
		{32D5FBE7-212D-40F1-B124-3E729A7EC2F1}.Release|Any CPU.ActiveCfg = Release|Any CPU
		{32D5FBE7-212D-40F1-B124-3E729A7EC2F1}.Release|Any CPU.Build.0 = Release|Any CPU
	EndGlobalSection
	GlobalSection(SolutionProperties) = preSolution
		HideSolutionNode = FALSE
	EndGlobalSection
	GlobalSection(ExtensibilityGlobals) = postSolution
		SolutionGuid = {A7B27151-5658-47E1-9CA3-525DF78EBE5A}
	EndGlobalSection
EndGlobal
