
Microsoft Visual Studio Solution File, Format Version 12.00
# Visual Studio Version 17
VisualStudioVersion = 17.11.35222.181
MinimumVisualStudioVersion = 10.0.40219.1
Project("{FAE04EC0-301F-11D3-BF4B-00C04F79EFBC}") = "PE_InputAndParsing_AshankRajendran", "PE_InputAndParsin_AshankRajendran\PE_InputAndParsing_AshankRajendran.csproj", "{381F0E3C-3CE9-4A7E-A4A0-A1F5BDB4B369}"
EndProject
Global
	GlobalSection(SolutionConfigurationPlatforms) = preSolution
		Debug|Any CPU = Debug|Any CPU
		Release|Any CPU = Release|Any CPU
	EndGlobalSection
	GlobalSection(ProjectConfigurationPlatforms) = postSolution
		{381F0E3C-3CE9-4A7E-A4A0-A1F5BDB4B369}.Debug|Any CPU.ActiveCfg = Debug|Any CPU
		{381F0E3C-3CE9-4A7E-A4A0-A1F5BDB4B369}.Debug|Any CPU.Build.0 = Debug|Any CPU
		{381F0E3C-3CE9-4A7E-A4A0-A1F5BDB4B369}.Release|Any CPU.ActiveCfg = Release|Any CPU
		{381F0E3C-3CE9-4A7E-A4A0-A1F5BDB4B369}.Release|Any CPU.Build.0 = Release|Any CPU
	EndGlobalSection
	GlobalSection(SolutionProperties) = preSolution
		HideSolutionNode = FALSE
	EndGlobalSection
	GlobalSection(ExtensibilityGlobals) = postSolution
		SolutionGuid = {FB40A511-686A-457E-98CD-E1A45E278734}
	EndGlobalSection
EndGlobal
