
Microsoft Visual Studio Solution File, Format Version 12.00
# Visual Studio Version 17
VisualStudioVersion = 17.11.35222.181
MinimumVisualStudioVersion = 10.0.40219.1
Project("{FAE04EC0-301F-11D3-BF4B-00C04F79EFBC}") = "PE_InputAndStrings_AshankRajendran", "PE_InputAndStrings_AshankRajendran\PE_InputAndStrings_AshankRajendran.csproj", "{C04F90C7-E210-41A3-9944-384EDE2C8B3C}"
EndProject
Global
	GlobalSection(SolutionConfigurationPlatforms) = preSolution
		Debug|Any CPU = Debug|Any CPU
		Release|Any CPU = Release|Any CPU
	EndGlobalSection
	GlobalSection(ProjectConfigurationPlatforms) = postSolution
		{C04F90C7-E210-41A3-9944-384EDE2C8B3C}.Debug|Any CPU.ActiveCfg = Debug|Any CPU
		{C04F90C7-E210-41A3-9944-384EDE2C8B3C}.Debug|Any CPU.Build.0 = Debug|Any CPU
		{C04F90C7-E210-41A3-9944-384EDE2C8B3C}.Release|Any CPU.ActiveCfg = Release|Any CPU
		{C04F90C7-E210-41A3-9944-384EDE2C8B3C}.Release|Any CPU.Build.0 = Release|Any CPU
	EndGlobalSection
	GlobalSection(SolutionProperties) = preSolution
		HideSolutionNode = FALSE
	EndGlobalSection
	GlobalSection(ExtensibilityGlobals) = postSolution
		SolutionGuid = {81D094DF-DD41-4BFB-804A-BB755CA70C86}
	EndGlobalSection
EndGlobal
